// !$*UTF8*$!
{
	archiveVersion = 1;
	classes = {
	};
	objectVersion = 56;
	objects = {

/* Begin PBXBuildFile section */
		1102D5202BAE38B20053B388 /* DoctorMock.swift in Sources */ = {isa = PBXBuildFile; fileRef = 1102D51F2BAE38B20053B388 /* DoctorMock.swift */; };
		114F0C792BA7A68000CB8AAD /* RatingView.swift in Sources */ = {isa = PBXBuildFile; fileRef = 114F0C782BA7A68000CB8AAD /* RatingView.swift */; };
		115284952BADF432001FF346 /* DoctorListBuilder.swift in Sources */ = {isa = PBXBuildFile; fileRef = 115284942BADF432001FF346 /* DoctorListBuilder.swift */; };
		1152849A2BAE0876001FF346 /* PriceSegment.swift in Sources */ = {isa = PBXBuildFile; fileRef = 115284992BAE0876001FF346 /* PriceSegment.swift */; };
		1152849D2BAE090E001FF346 /* TitleWithImage.swift in Sources */ = {isa = PBXBuildFile; fileRef = 1152849C2BAE090E001FF346 /* TitleWithImage.swift */; };
		1152849F2BAE0951001FF346 /* PriceView.swift in Sources */ = {isa = PBXBuildFile; fileRef = 1152849E2BAE0951001FF346 /* PriceView.swift */; };
		115284A22BAE1BFD001FF346 /* Int + Extension.swift in Sources */ = {isa = PBXBuildFile; fileRef = 115284A12BAE1BFD001FF346 /* Int + Extension.swift */; };
		116F87DE2BAE31660043BAD4 /* String + Extension.swift in Sources */ = {isa = PBXBuildFile; fileRef = 116F87DD2BAE31660043BAD4 /* String + Extension.swift */; };
		11B6144C2BADAFF900DF1529 /* DoctorListViewModel.swift in Sources */ = {isa = PBXBuildFile; fileRef = 11B6144B2BADAFF900DF1529 /* DoctorListViewModel.swift */; };
		11F330FB2BA5B9DC00AC058E /* DocTestApp.swift in Sources */ = {isa = PBXBuildFile; fileRef = 11F330FA2BA5B9DC00AC058E /* DocTestApp.swift */; };
		11F330FD2BA5B9DC00AC058E /* TabBarView.swift in Sources */ = {isa = PBXBuildFile; fileRef = 11F330FC2BA5B9DC00AC058E /* TabBarView.swift */; };
		11F330FF2BA5B9DD00AC058E /* Assets.xcassets in Resources */ = {isa = PBXBuildFile; fileRef = 11F330FE2BA5B9DD00AC058E /* Assets.xcassets */; };
		11F331022BA5B9DD00AC058E /* Preview Assets.xcassets in Resources */ = {isa = PBXBuildFile; fileRef = 11F331012BA5B9DD00AC058E /* Preview Assets.xcassets */; };
		11F331092BA5CDAD00AC058E /* LaunchScreenView.swift in Sources */ = {isa = PBXBuildFile; fileRef = 11F331082BA5CDAD00AC058E /* LaunchScreenView.swift */; };
		11F3310F2BA5CE5A00AC058E /* DoctorCardView.swift in Sources */ = {isa = PBXBuildFile; fileRef = 11F3310E2BA5CE5A00AC058E /* DoctorCardView.swift */; };
		11F331122BA5D19200AC058E /* NetworkService.swift in Sources */ = {isa = PBXBuildFile; fileRef = 11F331112BA5D19200AC058E /* NetworkService.swift */; };
		11F3311B2BA5D88B00AC058E /* DoctorListView.swift in Sources */ = {isa = PBXBuildFile; fileRef = 11F3311A2BA5D88B00AC058E /* DoctorListView.swift */; };
		11F331262BA6072F00AC058E /* DoctorDetailView.swift in Sources */ = {isa = PBXBuildFile; fileRef = 11F331252BA6072F00AC058E /* DoctorDetailView.swift */; };
		11F331282BA624E300AC058E /* AllPriceView.swift in Sources */ = {isa = PBXBuildFile; fileRef = 11F331272BA624E300AC058E /* AllPriceView.swift */; };
		11F3312A2BA6DA5400AC058E /* Doctor.swift in Sources */ = {isa = PBXBuildFile; fileRef = 11F331292BA6DA5400AC058E /* Doctor.swift */; };
		11FE659F2BAB04AF002F680F /* DefaultButtonView.swift in Sources */ = {isa = PBXBuildFile; fileRef = 11FE659E2BAB04AF002F680F /* DefaultButtonView.swift */; };
/* End PBXBuildFile section */

/* Begin PBXFileReference section */
		1102D51F2BAE38B20053B388 /* DoctorMock.swift */ = {isa = PBXFileReference; lastKnownFileType = sourcecode.swift; path = DoctorMock.swift; sourceTree = "<group>"; };
		114F0C782BA7A68000CB8AAD /* RatingView.swift */ = {isa = PBXFileReference; lastKnownFileType = sourcecode.swift; path = RatingView.swift; sourceTree = "<group>"; };
		115284942BADF432001FF346 /* DoctorListBuilder.swift */ = {isa = PBXFileReference; lastKnownFileType = sourcecode.swift; path = DoctorListBuilder.swift; sourceTree = "<group>"; };
		115284992BAE0876001FF346 /* PriceSegment.swift */ = {isa = PBXFileReference; lastKnownFileType = sourcecode.swift; path = PriceSegment.swift; sourceTree = "<group>"; };
		1152849C2BAE090E001FF346 /* TitleWithImage.swift */ = {isa = PBXFileReference; lastKnownFileType = sourcecode.swift; path = TitleWithImage.swift; sourceTree = "<group>"; };
		1152849E2BAE0951001FF346 /* PriceView.swift */ = {isa = PBXFileReference; lastKnownFileType = sourcecode.swift; path = PriceView.swift; sourceTree = "<group>"; };
		115284A12BAE1BFD001FF346 /* Int + Extension.swift */ = {isa = PBXFileReference; lastKnownFileType = sourcecode.swift; path = "Int + Extension.swift"; sourceTree = "<group>"; };
		116F87DD2BAE31660043BAD4 /* String + Extension.swift */ = {isa = PBXFileReference; lastKnownFileType = sourcecode.swift; path = "String + Extension.swift"; sourceTree = "<group>"; };
		11B6144B2BADAFF900DF1529 /* DoctorListViewModel.swift */ = {isa = PBXFileReference; lastKnownFileType = sourcecode.swift; path = DoctorListViewModel.swift; sourceTree = "<group>"; };
		11F330F72BA5B9DC00AC058E /* DocTest.app */ = {isa = PBXFileReference; explicitFileType = wrapper.application; includeInIndex = 0; path = DocTest.app; sourceTree = BUILT_PRODUCTS_DIR; };
		11F330FA2BA5B9DC00AC058E /* DocTestApp.swift */ = {isa = PBXFileReference; lastKnownFileType = sourcecode.swift; path = DocTestApp.swift; sourceTree = "<group>"; };
		11F330FC2BA5B9DC00AC058E /* TabBarView.swift */ = {isa = PBXFileReference; lastKnownFileType = sourcecode.swift; path = TabBarView.swift; sourceTree = "<group>"; };
		11F330FE2BA5B9DD00AC058E /* Assets.xcassets */ = {isa = PBXFileReference; lastKnownFileType = folder.assetcatalog; path = Assets.xcassets; sourceTree = "<group>"; };
		11F331012BA5B9DD00AC058E /* Preview Assets.xcassets */ = {isa = PBXFileReference; lastKnownFileType = folder.assetcatalog; path = "Preview Assets.xcassets"; sourceTree = "<group>"; };
		11F331082BA5CDAD00AC058E /* LaunchScreenView.swift */ = {isa = PBXFileReference; lastKnownFileType = sourcecode.swift; path = LaunchScreenView.swift; sourceTree = "<group>"; };
		11F3310E2BA5CE5A00AC058E /* DoctorCardView.swift */ = {isa = PBXFileReference; lastKnownFileType = sourcecode.swift; path = DoctorCardView.swift; sourceTree = "<group>"; };
		11F331112BA5D19200AC058E /* NetworkService.swift */ = {isa = PBXFileReference; lastKnownFileType = sourcecode.swift; path = NetworkService.swift; sourceTree = "<group>"; };
		11F3311A2BA5D88B00AC058E /* DoctorListView.swift */ = {isa = PBXFileReference; lastKnownFileType = sourcecode.swift; path = DoctorListView.swift; sourceTree = "<group>"; };
		11F331252BA6072F00AC058E /* DoctorDetailView.swift */ = {isa = PBXFileReference; lastKnownFileType = sourcecode.swift; path = DoctorDetailView.swift; sourceTree = "<group>"; };
		11F331272BA624E300AC058E /* AllPriceView.swift */ = {isa = PBXFileReference; lastKnownFileType = sourcecode.swift; path = AllPriceView.swift; sourceTree = "<group>"; };
		11F331292BA6DA5400AC058E /* Doctor.swift */ = {isa = PBXFileReference; lastKnownFileType = sourcecode.swift; path = Doctor.swift; sourceTree = "<group>"; };
		11FE659E2BAB04AF002F680F /* DefaultButtonView.swift */ = {isa = PBXFileReference; lastKnownFileType = sourcecode.swift; path = DefaultButtonView.swift; sourceTree = "<group>"; };
/* End PBXFileReference section */

/* Begin PBXFrameworksBuildPhase section */
		11F330F42BA5B9DC00AC058E /* Frameworks */ = {
			isa = PBXFrameworksBuildPhase;
			buildActionMask = 2147483647;
			files = (
			);
			runOnlyForDeploymentPostprocessing = 0;
		};
/* End PBXFrameworksBuildPhase section */

/* Begin PBXGroup section */
		115284962BADFF1D001FF346 /* DoctorDetail */ = {
			isa = PBXGroup;
			children = (
				11F331252BA6072F00AC058E /* DoctorDetailView.swift */,
				1152849B2BAE08EA001FF346 /* Components */,
			);
			path = DoctorDetail;
			sourceTree = "<group>";
		};
		115284972BADFF29001FF346 /* DoctorPrices */ = {
			isa = PBXGroup;
			children = (
				11F331272BA624E300AC058E /* AllPriceView.swift */,
				115284982BAE0866001FF346 /* Components */,
			);
			path = DoctorPrices;
			sourceTree = "<group>";
		};
		115284982BAE0866001FF346 /* Components */ = {
			isa = PBXGroup;
			children = (
				115284992BAE0876001FF346 /* PriceSegment.swift */,
			);
			path = Components;
			sourceTree = "<group>";
		};
		1152849B2BAE08EA001FF346 /* Components */ = {
			isa = PBXGroup;
			children = (
				1152849C2BAE090E001FF346 /* TitleWithImage.swift */,
				1152849E2BAE0951001FF346 /* PriceView.swift */,
			);
			path = Components;
			sourceTree = "<group>";
		};
		115284A02BAE19D7001FF346 /* Helper */ = {
			isa = PBXGroup;
			children = (
				115284A12BAE1BFD001FF346 /* Int + Extension.swift */,
				116F87DD2BAE31660043BAD4 /* String + Extension.swift */,
				1102D51F2BAE38B20053B388 /* DoctorMock.swift */,
			);
			path = Helper;
			sourceTree = "<group>";
		};
		116EA1582C00982C00C6EFCA /* Screens */ = {
			isa = PBXGroup;
			children = (
				11F331132BA5D63B00AC058E /* DoctorList */,
				115284962BADFF1D001FF346 /* DoctorDetail */,
				115284972BADFF29001FF346 /* DoctorPrices */,
			);
			path = Screens;
			sourceTree = "<group>";
		};
		11F330EE2BA5B9DC00AC058E = {
			isa = PBXGroup;
			children = (
				11F330F92BA5B9DC00AC058E /* DocTest */,
				11F330F82BA5B9DC00AC058E /* Products */,
			);
			sourceTree = "<group>";
		};
		11F330F82BA5B9DC00AC058E /* Products */ = {
			isa = PBXGroup;
			children = (
				11F330F72BA5B9DC00AC058E /* DocTest.app */,
			);
			name = Products;
			sourceTree = "<group>";
		};
		11F330F92BA5B9DC00AC058E /* DocTest */ = {
			isa = PBXGroup;
			children = (
				11F330FA2BA5B9DC00AC058E /* DocTestApp.swift */,
				11F330FC2BA5B9DC00AC058E /* TabBarView.swift */,
				11F331082BA5CDAD00AC058E /* LaunchScreenView.swift */,
				11F331172BA5D71E00AC058E /* Model */,
				116EA1582C00982C00C6EFCA /* Screens */,
				11F331102BA5D16200AC058E /* Service */,
				115284A02BAE19D7001FF346 /* Helper */,
				11F331002BA5B9DD00AC058E /* Preview Content */,
			);
			path = DocTest;
			sourceTree = "<group>";
		};
		11F331002BA5B9DD00AC058E /* Preview Content */ = {
			isa = PBXGroup;
			children = (
				11F331012BA5B9DD00AC058E /* Preview Assets.xcassets */,
			);
			path = "Preview Content";
			sourceTree = "<group>";
		};
		11F331102BA5D16200AC058E /* Service */ = {
			isa = PBXGroup;
			children = (
				11F331112BA5D19200AC058E /* NetworkService.swift */,
				11F330FE2BA5B9DD00AC058E /* Assets.xcassets */,
			);
			path = Service;
			sourceTree = "<group>";
		};
		11F331132BA5D63B00AC058E /* DoctorList */ = {
			isa = PBXGroup;
			children = (
				11F3311A2BA5D88B00AC058E /* DoctorListView.swift */,
				11B6144B2BADAFF900DF1529 /* DoctorListViewModel.swift */,
				11F331242BA5F88E00AC058E /* Components */,
			);
			path = DoctorList;
			sourceTree = "<group>";
		};
		11F331172BA5D71E00AC058E /* Model */ = {
			isa = PBXGroup;
			children = (
				11F331292BA6DA5400AC058E /* Doctor.swift */,
				115284942BADF432001FF346 /* DoctorListBuilder.swift */,
			);
			path = Model;
			sourceTree = "<group>";
		};
		11F331242BA5F88E00AC058E /* Components */ = {
			isa = PBXGroup;
			children = (
				11F3310E2BA5CE5A00AC058E /* DoctorCardView.swift */,
				114F0C782BA7A68000CB8AAD /* RatingView.swift */,
				11FE659E2BAB04AF002F680F /* DefaultButtonView.swift */,
			);
			path = Components;
			sourceTree = "<group>";
		};
/* End PBXGroup section */

/* Begin PBXNativeTarget section */
		11F330F62BA5B9DC00AC058E /* DocTest */ = {
			isa = PBXNativeTarget;
			buildConfigurationList = 11F331052BA5B9DD00AC058E /* Build configuration list for PBXNativeTarget "DocTest" */;
			buildPhases = (
				11F330F32BA5B9DC00AC058E /* Sources */,
				11F330F42BA5B9DC00AC058E /* Frameworks */,
				11F330F52BA5B9DC00AC058E /* Resources */,
			);
			buildRules = (
			);
			dependencies = (
			);
			name = DocTest;
			productName = DocTest;
			productReference = 11F330F72BA5B9DC00AC058E /* DocTest.app */;
			productType = "com.apple.product-type.application";
		};
/* End PBXNativeTarget section */

/* Begin PBXProject section */
		11F330EF2BA5B9DC00AC058E /* Project object */ = {
			isa = PBXProject;
			attributes = {
				BuildIndependentTargetsInParallel = 1;
				LastSwiftUpdateCheck = 1520;
				LastUpgradeCheck = 1520;
				TargetAttributes = {
					11F330F62BA5B9DC00AC058E = {
						CreatedOnToolsVersion = 15.2;
					};
				};
			};
			buildConfigurationList = 11F330F22BA5B9DC00AC058E /* Build configuration list for PBXProject "DocTest" */;
			compatibilityVersion = "Xcode 14.0";
			developmentRegion = en;
			hasScannedForEncodings = 0;
			knownRegions = (
				en,
				Base,
			);
			mainGroup = 11F330EE2BA5B9DC00AC058E;
			productRefGroup = 11F330F82BA5B9DC00AC058E /* Products */;
			projectDirPath = "";
			projectRoot = "";
			targets = (
				11F330F62BA5B9DC00AC058E /* DocTest */,
			);
		};
/* End PBXProject section */

/* Begin PBXResourcesBuildPhase section */
		11F330F52BA5B9DC00AC058E /* Resources */ = {
			isa = PBXResourcesBuildPhase;
			buildActionMask = 2147483647;
			files = (
				11F331022BA5B9DD00AC058E /* Preview Assets.xcassets in Resources */,
				11F330FF2BA5B9DD00AC058E /* Assets.xcassets in Resources */,
			);
			runOnlyForDeploymentPostprocessing = 0;
		};
/* End PBXResourcesBuildPhase section */

/* Begin PBXSourcesBuildPhase section */
		11F330F32BA5B9DC00AC058E /* Sources */ = {
			isa = PBXSourcesBuildPhase;
			buildActionMask = 2147483647;
			files = (
				115284952BADF432001FF346 /* DoctorListBuilder.swift in Sources */,
				1102D5202BAE38B20053B388 /* DoctorMock.swift in Sources */,
				116F87DE2BAE31660043BAD4 /* String + Extension.swift in Sources */,
				115284A22BAE1BFD001FF346 /* Int + Extension.swift in Sources */,
				11F3312A2BA6DA5400AC058E /* Doctor.swift in Sources */,
				11B6144C2BADAFF900DF1529 /* DoctorListViewModel.swift in Sources */,
				11F3311B2BA5D88B00AC058E /* DoctorListView.swift in Sources */,
				11F331282BA624E300AC058E /* AllPriceView.swift in Sources */,
				11F331122BA5D19200AC058E /* NetworkService.swift in Sources */,
				1152849D2BAE090E001FF346 /* TitleWithImage.swift in Sources */,
				11F330FD2BA5B9DC00AC058E /* TabBarView.swift in Sources */,
				114F0C792BA7A68000CB8AAD /* RatingView.swift in Sources */,
				11F330FB2BA5B9DC00AC058E /* DocTestApp.swift in Sources */,
				11F331092BA5CDAD00AC058E /* LaunchScreenView.swift in Sources */,
				11F331262BA6072F00AC058E /* DoctorDetailView.swift in Sources */,
				1152849F2BAE0951001FF346 /* PriceView.swift in Sources */,
				11F3310F2BA5CE5A00AC058E /* DoctorCardView.swift in Sources */,
				1152849A2BAE0876001FF346 /* PriceSegment.swift in Sources */,
				11FE659F2BAB04AF002F680F /* DefaultButtonView.swift in Sources */,
			);
			runOnlyForDeploymentPostprocessing = 0;
		};
/* End PBXSourcesBuildPhase section */

/* Begin XCBuildConfiguration section */
		11F331032BA5B9DD00AC058E /* Debug */ = {
			isa = XCBuildConfiguration;
			buildSettings = {
				ALWAYS_SEARCH_USER_PATHS = NO;
				ASSETCATALOG_COMPILER_GENERATE_SWIFT_ASSET_SYMBOL_EXTENSIONS = YES;
				CLANG_ANALYZER_NONNULL = YES;
				CLANG_ANALYZER_NUMBER_OBJECT_CONVERSION = YES_AGGRESSIVE;
				CLANG_CXX_LANGUAGE_STANDARD = "gnu++20";
				CLANG_ENABLE_MODULES = YES;
				CLANG_ENABLE_OBJC_ARC = YES;
				CLANG_ENABLE_OBJC_WEAK = YES;
				CLANG_WARN_BLOCK_CAPTURE_AUTORELEASING = YES;
				CLANG_WARN_BOOL_CONVERSION = YES;
				CLANG_WARN_COMMA = YES;
				CLANG_WARN_CONSTANT_CONVERSION = YES;
				CLANG_WARN_DEPRECATED_OBJC_IMPLEMENTATIONS = YES;
				CLANG_WARN_DIRECT_OBJC_ISA_USAGE = YES_ERROR;
				CLANG_WARN_DOCUMENTATION_COMMENTS = YES;
				CLANG_WARN_EMPTY_BODY = YES;
				CLANG_WARN_ENUM_CONVERSION = YES;
				CLANG_WARN_INFINITE_RECURSION = YES;
				CLANG_WARN_INT_CONVERSION = YES;
				CLANG_WARN_NON_LITERAL_NULL_CONVERSION = YES;
				CLANG_WARN_OBJC_IMPLICIT_RETAIN_SELF = YES;
				CLANG_WARN_OBJC_LITERAL_CONVERSION = YES;
				CLANG_WARN_OBJC_ROOT_CLASS = YES_ERROR;
				CLANG_WARN_QUOTED_INCLUDE_IN_FRAMEWORK_HEADER = YES;
				CLANG_WARN_RANGE_LOOP_ANALYSIS = YES;
				CLANG_WARN_STRICT_PROTOTYPES = YES;
				CLANG_WARN_SUSPICIOUS_MOVE = YES;
				CLANG_WARN_UNGUARDED_AVAILABILITY = YES_AGGRESSIVE;
				CLANG_WARN_UNREACHABLE_CODE = YES;
				CLANG_WARN__DUPLICATE_METHOD_MATCH = YES;
				COPY_PHASE_STRIP = NO;
				DEBUG_INFORMATION_FORMAT = dwarf;
				ENABLE_STRICT_OBJC_MSGSEND = YES;
				ENABLE_TESTABILITY = YES;
				ENABLE_USER_SCRIPT_SANDBOXING = YES;
				GCC_C_LANGUAGE_STANDARD = gnu17;
				GCC_DYNAMIC_NO_PIC = NO;
				GCC_NO_COMMON_BLOCKS = YES;
				GCC_OPTIMIZATION_LEVEL = 0;
				GCC_PREPROCESSOR_DEFINITIONS = (
					"DEBUG=1",
					"$(inherited)",
				);
				GCC_WARN_64_TO_32_BIT_CONVERSION = YES;
				GCC_WARN_ABOUT_RETURN_TYPE = YES_ERROR;
				GCC_WARN_UNDECLARED_SELECTOR = YES;
				GCC_WARN_UNINITIALIZED_AUTOS = YES_AGGRESSIVE;
				GCC_WARN_UNUSED_FUNCTION = YES;
				GCC_WARN_UNUSED_VARIABLE = YES;
				IPHONEOS_DEPLOYMENT_TARGET = 17.2;
				LOCALIZATION_PREFERS_STRING_CATALOGS = YES;
				MTL_ENABLE_DEBUG_INFO = INCLUDE_SOURCE;
				MTL_FAST_MATH = YES;
				ONLY_ACTIVE_ARCH = YES;
				SDKROOT = iphoneos;
				SWIFT_ACTIVE_COMPILATION_CONDITIONS = "DEBUG $(inherited)";
				SWIFT_OPTIMIZATION_LEVEL = "-Onone";
			};
			name = Debug;
		};
		11F331042BA5B9DD00AC058E /* Release */ = {
			isa = XCBuildConfiguration;
			buildSettings = {
				ALWAYS_SEARCH_USER_PATHS = NO;
				ASSETCATALOG_COMPILER_GENERATE_SWIFT_ASSET_SYMBOL_EXTENSIONS = YES;
				CLANG_ANALYZER_NONNULL = YES;
				CLANG_ANALYZER_NUMBER_OBJECT_CONVERSION = YES_AGGRESSIVE;
				CLANG_CXX_LANGUAGE_STANDARD = "gnu++20";
				CLANG_ENABLE_MODULES = YES;
				CLANG_ENABLE_OBJC_ARC = YES;
				CLANG_ENABLE_OBJC_WEAK = YES;
				CLANG_WARN_BLOCK_CAPTURE_AUTORELEASING = YES;
				CLANG_WARN_BOOL_CONVERSION = YES;
				CLANG_WARN_COMMA = YES;
				CLANG_WARN_CONSTANT_CONVERSION = YES;
				CLANG_WARN_DEPRECATED_OBJC_IMPLEMENTATIONS = YES;
				CLANG_WARN_DIRECT_OBJC_ISA_USAGE = YES_ERROR;
				CLANG_WARN_DOCUMENTATION_COMMENTS = YES;
				CLANG_WARN_EMPTY_BODY = YES;
				CLANG_WARN_ENUM_CONVERSION = YES;
				CLANG_WARN_INFINITE_RECURSION = YES;
				CLANG_WARN_INT_CONVERSION = YES;
				CLANG_WARN_NON_LITERAL_NULL_CONVERSION = YES;
				CLANG_WARN_OBJC_IMPLICIT_RETAIN_SELF = YES;
				CLANG_WARN_OBJC_LITERAL_CONVERSION = YES;
				CLANG_WARN_OBJC_ROOT_CLASS = YES_ERROR;
				CLANG_WARN_QUOTED_INCLUDE_IN_FRAMEWORK_HEADER = YES;
				CLANG_WARN_RANGE_LOOP_ANALYSIS = YES;
				CLANG_WARN_STRICT_PROTOTYPES = YES;
				CLANG_WARN_SUSPICIOUS_MOVE = YES;
				CLANG_WARN_UNGUARDED_AVAILABILITY = YES_AGGRESSIVE;
				CLANG_WARN_UNREACHABLE_CODE = YES;
				CLANG_WARN__DUPLICATE_METHOD_MATCH = YES;
				COPY_PHASE_STRIP = NO;
				DEBUG_INFORMATION_FORMAT = "dwarf-with-dsym";
				ENABLE_NS_ASSERTIONS = NO;
				ENABLE_STRICT_OBJC_MSGSEND = YES;
				ENABLE_USER_SCRIPT_SANDBOXING = YES;
				GCC_C_LANGUAGE_STANDARD = gnu17;
				GCC_NO_COMMON_BLOCKS = YES;
				GCC_WARN_64_TO_32_BIT_CONVERSION = YES;
				GCC_WARN_ABOUT_RETURN_TYPE = YES_ERROR;
				GCC_WARN_UNDECLARED_SELECTOR = YES;
				GCC_WARN_UNINITIALIZED_AUTOS = YES_AGGRESSIVE;
				GCC_WARN_UNUSED_FUNCTION = YES;
				GCC_WARN_UNUSED_VARIABLE = YES;
				IPHONEOS_DEPLOYMENT_TARGET = 17.2;
				LOCALIZATION_PREFERS_STRING_CATALOGS = YES;
				MTL_ENABLE_DEBUG_INFO = NO;
				MTL_FAST_MATH = YES;
				SDKROOT = iphoneos;
				SWIFT_COMPILATION_MODE = wholemodule;
				VALIDATE_PRODUCT = YES;
			};
			name = Release;
		};
		11F331062BA5B9DD00AC058E /* Debug */ = {
			isa = XCBuildConfiguration;
			buildSettings = {
				ASSETCATALOG_COMPILER_APPICON_NAME = AppIcon;
				ASSETCATALOG_COMPILER_GLOBAL_ACCENT_COLOR_NAME = AccentColor;
				CODE_SIGN_STYLE = Automatic;
				CURRENT_PROJECT_VERSION = 1;
				DEVELOPMENT_ASSET_PATHS = "\"DocTest/Preview Content\"";
				DEVELOPMENT_TEAM = DGS54WN6BX;
				ENABLE_PREVIEWS = YES;
				GENERATE_INFOPLIST_FILE = YES;
				INFOPLIST_KEY_UIApplicationSceneManifest_Generation = YES;
				INFOPLIST_KEY_UIApplicationSupportsIndirectInputEvents = YES;
				INFOPLIST_KEY_UILaunchScreen_Generation = YES;
				INFOPLIST_KEY_UISupportedInterfaceOrientations = UIInterfaceOrientationPortrait;
				LD_RUNPATH_SEARCH_PATHS = (
					"$(inherited)",
					"@executable_path/Frameworks",
				);
				MARKETING_VERSION = 1.0;
				PRODUCT_BUNDLE_IDENTIFIER = "com-tsomuk.DocTest";
				PRODUCT_NAME = "$(TARGET_NAME)";
				SUPPORTED_PLATFORMS = "iphoneos iphonesimulator";
				SUPPORTS_MACCATALYST = NO;
				SUPPORTS_MAC_DESIGNED_FOR_IPHONE_IPAD = NO;
				SUPPORTS_XR_DESIGNED_FOR_IPHONE_IPAD = NO;
				SWIFT_EMIT_LOC_STRINGS = YES;
				SWIFT_VERSION = 5.0;
				TARGETED_DEVICE_FAMILY = "1,2";
			};
			name = Debug;
		};
		11F331072BA5B9DD00AC058E /* Release */ = {
			isa = XCBuildConfiguration;
			buildSettings = {
				ASSETCATALOG_COMPILER_APPICON_NAME = AppIcon;
				ASSETCATALOG_COMPILER_GLOBAL_ACCENT_COLOR_NAME = AccentColor;
				CODE_SIGN_STYLE = Automatic;
				CURRENT_PROJECT_VERSION = 1;
				DEVELOPMENT_ASSET_PATHS = "\"DocTest/Preview Content\"";
				DEVELOPMENT_TEAM = DGS54WN6BX;
				ENABLE_PREVIEWS = YES;
				GENERATE_INFOPLIST_FILE = YES;
				INFOPLIST_KEY_UIApplicationSceneManifest_Generation = YES;
				INFOPLIST_KEY_UIApplicationSupportsIndirectInputEvents = YES;
				INFOPLIST_KEY_UILaunchScreen_Generation = YES;
				INFOPLIST_KEY_UISupportedInterfaceOrientations = UIInterfaceOrientationPortrait;
				LD_RUNPATH_SEARCH_PATHS = (
					"$(inherited)",
					"@executable_path/Frameworks",
				);
				MARKETING_VERSION = 1.0;
				PRODUCT_BUNDLE_IDENTIFIER = "com-tsomuk.DocTest";
				PRODUCT_NAME = "$(TARGET_NAME)";
				SUPPORTED_PLATFORMS = "iphoneos iphonesimulator";
				SUPPORTS_MACCATALYST = NO;
				SUPPORTS_MAC_DESIGNED_FOR_IPHONE_IPAD = NO;
				SUPPORTS_XR_DESIGNED_FOR_IPHONE_IPAD = NO;
				SWIFT_EMIT_LOC_STRINGS = YES;
				SWIFT_VERSION = 5.0;
				TARGETED_DEVICE_FAMILY = "1,2";
			};
			name = Release;
		};
/* End XCBuildConfiguration section */

/* Begin XCConfigurationList section */
		11F330F22BA5B9DC00AC058E /* Build configuration list for PBXProject "DocTest" */ = {
			isa = XCConfigurationList;
			buildConfigurations = (
				11F331032BA5B9DD00AC058E /* Debug */,
				11F331042BA5B9DD00AC058E /* Release */,
			);
			defaultConfigurationIsVisible = 0;
			defaultConfigurationName = Release;
		};
		11F331052BA5B9DD00AC058E /* Build configuration list for PBXNativeTarget "DocTest" */ = {
			isa = XCConfigurationList;
			buildConfigurations = (
				11F331062BA5B9DD00AC058E /* Debug */,
				11F331072BA5B9DD00AC058E /* Release */,
			);
			defaultConfigurationIsVisible = 0;
			defaultConfigurationName = Release;
		};
/* End XCConfigurationList section */
	};
	rootObject = 11F330EF2BA5B9DC00AC058E /* Project object */;
}
